
Microsoft Visual Studio Solution File, Format Version 12.00
# Visual Studio 2017
Project("{FAE04EC0-301F-11D3-BF4B-00C04F79EFBC}") = "TanksAndPlanes", "TanksAndPlanes.csproj", "{F5865B39-25FD-77E6-E80F-3B4EB7B2BE88}"
EndProject
Project("{FAE04EC0-301F-11D3-BF4B-00C04F79EFBC}") = "TanksAndPlanes.Editor", "TanksAndPlanes.Editor.csproj", "{0FC4E7FC-B957-A44B-B327-1FF25DA5A6EB}"
EndProject
Global
	GlobalSection(SolutionConfigurationPlatforms) = preSolution
		Debug|Any CPU = Debug|Any CPU
		Release|Any CPU = Release|Any CPU
	EndGlobalSection
	GlobalSection(ProjectConfigurationPlatforms) = postSolution
		{F5865B39-25FD-77E6-E80F-3B4EB7B2BE88}.Debug|Any CPU.ActiveCfg = Debug|Any CPU
		{F5865B39-25FD-77E6-E80F-3B4EB7B2BE88}.Debug|Any CPU.Build.0 = Debug|Any CPU
		{F5865B39-25FD-77E6-E80F-3B4EB7B2BE88}.Release|Any CPU.ActiveCfg = Release|Any CPU
		{F5865B39-25FD-77E6-E80F-3B4EB7B2BE88}.Release|Any CPU.Build.0 = Release|Any CPU
		{0FC4E7FC-B957-A44B-B327-1FF25DA5A6EB}.Debug|Any CPU.ActiveCfg = Debug|Any CPU
		{0FC4E7FC-B957-A44B-B327-1FF25DA5A6EB}.Debug|Any CPU.Build.0 = Debug|Any CPU
		{0FC4E7FC-B957-A44B-B327-1FF25DA5A6EB}.Release|Any CPU.ActiveCfg = Release|Any CPU
		{0FC4E7FC-B957-A44B-B327-1FF25DA5A6EB}.Release|Any CPU.Build.0 = Release|Any CPU
	EndGlobalSection
	GlobalSection(SolutionProperties) = preSolution
		HideSolutionNode = FALSE
	EndGlobalSection
EndGlobal
