
Microsoft Visual Studio Solution File, Format Version 11.00
# Visual Studio 2010
Project("{FAE04EC0-301F-11D3-BF4B-00C04F79EFBC}") = "Tanks-and-Planes", "Assembly-CSharp.csproj", "{23EC8CF1-C2A4-6EC1-7566-2BE925860C83}"
EndProject
Project("{FAE04EC0-301F-11D3-BF4B-00C04F79EFBC}") = "Tanks-and-Planes", "Assembly-CSharp-firstpass.csproj", "{7E6B4E0A-4FF5-D623-E958-BFA3C2831171}"
EndProject
Project("{FAE04EC0-301F-11D3-BF4B-00C04F79EFBC}") = "Tanks-and-Planes", "Assembly-CSharp-Editor.csproj", "{1104C71B-4884-B004-8959-0E783712FB4D}"
EndProject
Project("{FAE04EC0-301F-11D3-BF4B-00C04F79EFBC}") = "Tanks-and-Planes", "Assembly-CSharp-Editor-firstpass.csproj", "{2B55553C-C657-6D8E-6FCF-4EAC20CF4474}"
EndProject
Global
	GlobalSection(SolutionConfigurationPlatforms) = preSolution
		Debug|Any CPU = Debug|Any CPU
		Release|Any CPU = Release|Any CPU
	EndGlobalSection
	GlobalSection(ProjectConfigurationPlatforms) = postSolution
		{23EC8CF1-C2A4-6EC1-7566-2BE925860C83}.Debug|Any CPU.ActiveCfg = Debug|Any CPU
		{23EC8CF1-C2A4-6EC1-7566-2BE925860C83}.Debug|Any CPU.Build.0 = Debug|Any CPU
		{23EC8CF1-C2A4-6EC1-7566-2BE925860C83}.Release|Any CPU.ActiveCfg = Release|Any CPU
		{23EC8CF1-C2A4-6EC1-7566-2BE925860C83}.Release|Any CPU.Build.0 = Release|Any CPU
		{7E6B4E0A-4FF5-D623-E958-BFA3C2831171}.Debug|Any CPU.ActiveCfg = Debug|Any CPU
		{7E6B4E0A-4FF5-D623-E958-BFA3C2831171}.Debug|Any CPU.Build.0 = Debug|Any CPU
		{7E6B4E0A-4FF5-D623-E958-BFA3C2831171}.Release|Any CPU.ActiveCfg = Release|Any CPU
		{7E6B4E0A-4FF5-D623-E958-BFA3C2831171}.Release|Any CPU.Build.0 = Release|Any CPU
		{1104C71B-4884-B004-8959-0E783712FB4D}.Debug|Any CPU.ActiveCfg = Debug|Any CPU
		{1104C71B-4884-B004-8959-0E783712FB4D}.Debug|Any CPU.Build.0 = Debug|Any CPU
		{1104C71B-4884-B004-8959-0E783712FB4D}.Release|Any CPU.ActiveCfg = Release|Any CPU
		{1104C71B-4884-B004-8959-0E783712FB4D}.Release|Any CPU.Build.0 = Release|Any CPU
		{2B55553C-C657-6D8E-6FCF-4EAC20CF4474}.Debug|Any CPU.ActiveCfg = Debug|Any CPU
		{2B55553C-C657-6D8E-6FCF-4EAC20CF4474}.Debug|Any CPU.Build.0 = Debug|Any CPU
		{2B55553C-C657-6D8E-6FCF-4EAC20CF4474}.Release|Any CPU.ActiveCfg = Release|Any CPU
		{2B55553C-C657-6D8E-6FCF-4EAC20CF4474}.Release|Any CPU.Build.0 = Release|Any CPU
	EndGlobalSection
	GlobalSection(SolutionProperties) = preSolution
		HideSolutionNode = FALSE
	EndGlobalSection
	GlobalSection(MonoDevelopProperties) = preSolution
		StartupItem = Assembly-CSharp.csproj
	EndGlobalSection
EndGlobal
